
Microsoft Visual Studio Solution File, Format Version 12.00
# Visual Studio Version 17
VisualStudioVersion = 17.0.32112.339
MinimumVisualStudioVersion = 10.0.40219.1
Project("{9A19103F-16F7-4668-BE54-9A1E7A4F7556}") = "BE", "BE\BE.csproj", "{6C7E7CAF-003D-411A-ADD3-94910441519B}"
EndProject
Project("{9A19103F-16F7-4668-BE54-9A1E7A4F7556}") = "DAL", "DAL\DAL.csproj", "{E374689B-9D69-4B37-807E-5195F30AA188}"
EndProject
Project("{9A19103F-16F7-4668-BE54-9A1E7A4F7556}") = "DAL.DO", "DAL.DO\DAL.DO.csproj", "{D3151A01-F6F5-45E8-986C-D3E9EDBA7CF1}"
EndProject
Project("{9A19103F-16F7-4668-BE54-9A1E7A4F7556}") = "DAL.EF", "DAL.EF\DAL.EF.csproj", "{9EE67314-348C-4A2A-ADFF-89BE16380722}"
EndProject
Project("{9A19103F-16F7-4668-BE54-9A1E7A4F7556}") = "DAL.Repository", "DAL.Repository\DAL.Repository.csproj", "{946B3773-A01A-4CAF-9E83-54F44558E995}"
EndProject
Project("{FAE04EC0-301F-11D3-BF4B-00C04F79EFBC}") = "API", "API\API.csproj", "{7E58A5EF-D4D8-4B9F-BD43-F1DE7392079B}"
EndProject
Project("{FAE04EC0-301F-11D3-BF4B-00C04F79EFBC}") = "API.W", "API.W\API.W.csproj", "{64A3EB9F-6B16-4A93-AF62-B6CF3F8AA6ED}"
EndProject
Global
	GlobalSection(SolutionConfigurationPlatforms) = preSolution
		Debug|Any CPU = Debug|Any CPU
		Release|Any CPU = Release|Any CPU
	EndGlobalSection
	GlobalSection(ProjectConfigurationPlatforms) = postSolution
		{6C7E7CAF-003D-411A-ADD3-94910441519B}.Debug|Any CPU.ActiveCfg = Debug|Any CPU
		{6C7E7CAF-003D-411A-ADD3-94910441519B}.Debug|Any CPU.Build.0 = Debug|Any CPU
		{6C7E7CAF-003D-411A-ADD3-94910441519B}.Release|Any CPU.ActiveCfg = Release|Any CPU
		{6C7E7CAF-003D-411A-ADD3-94910441519B}.Release|Any CPU.Build.0 = Release|Any CPU
		{E374689B-9D69-4B37-807E-5195F30AA188}.Debug|Any CPU.ActiveCfg = Debug|Any CPU
		{E374689B-9D69-4B37-807E-5195F30AA188}.Debug|Any CPU.Build.0 = Debug|Any CPU
		{E374689B-9D69-4B37-807E-5195F30AA188}.Release|Any CPU.ActiveCfg = Release|Any CPU
		{E374689B-9D69-4B37-807E-5195F30AA188}.Release|Any CPU.Build.0 = Release|Any CPU
		{D3151A01-F6F5-45E8-986C-D3E9EDBA7CF1}.Debug|Any CPU.ActiveCfg = Debug|Any CPU
		{D3151A01-F6F5-45E8-986C-D3E9EDBA7CF1}.Debug|Any CPU.Build.0 = Debug|Any CPU
		{D3151A01-F6F5-45E8-986C-D3E9EDBA7CF1}.Release|Any CPU.ActiveCfg = Release|Any CPU
		{D3151A01-F6F5-45E8-986C-D3E9EDBA7CF1}.Release|Any CPU.Build.0 = Release|Any CPU
		{9EE67314-348C-4A2A-ADFF-89BE16380722}.Debug|Any CPU.ActiveCfg = Debug|Any CPU
		{9EE67314-348C-4A2A-ADFF-89BE16380722}.Debug|Any CPU.Build.0 = Debug|Any CPU
		{9EE67314-348C-4A2A-ADFF-89BE16380722}.Release|Any CPU.ActiveCfg = Release|Any CPU
		{9EE67314-348C-4A2A-ADFF-89BE16380722}.Release|Any CPU.Build.0 = Release|Any CPU
		{946B3773-A01A-4CAF-9E83-54F44558E995}.Debug|Any CPU.ActiveCfg = Debug|Any CPU
		{946B3773-A01A-4CAF-9E83-54F44558E995}.Debug|Any CPU.Build.0 = Debug|Any CPU
		{946B3773-A01A-4CAF-9E83-54F44558E995}.Release|Any CPU.ActiveCfg = Release|Any CPU
		{946B3773-A01A-4CAF-9E83-54F44558E995}.Release|Any CPU.Build.0 = Release|Any CPU
		{7E58A5EF-D4D8-4B9F-BD43-F1DE7392079B}.Debug|Any CPU.ActiveCfg = Debug|Any CPU
		{7E58A5EF-D4D8-4B9F-BD43-F1DE7392079B}.Debug|Any CPU.Build.0 = Debug|Any CPU
		{7E58A5EF-D4D8-4B9F-BD43-F1DE7392079B}.Release|Any CPU.ActiveCfg = Release|Any CPU
		{7E58A5EF-D4D8-4B9F-BD43-F1DE7392079B}.Release|Any CPU.Build.0 = Release|Any CPU
		{64A3EB9F-6B16-4A93-AF62-B6CF3F8AA6ED}.Debug|Any CPU.ActiveCfg = Debug|Any CPU
		{64A3EB9F-6B16-4A93-AF62-B6CF3F8AA6ED}.Debug|Any CPU.Build.0 = Debug|Any CPU
		{64A3EB9F-6B16-4A93-AF62-B6CF3F8AA6ED}.Release|Any CPU.ActiveCfg = Release|Any CPU
		{64A3EB9F-6B16-4A93-AF62-B6CF3F8AA6ED}.Release|Any CPU.Build.0 = Release|Any CPU
	EndGlobalSection
	GlobalSection(SolutionProperties) = preSolution
		HideSolutionNode = FALSE
	EndGlobalSection
	GlobalSection(ExtensibilityGlobals) = postSolution
		SolutionGuid = {CCAD46CC-7875-476F-A924-59F4613F5144}
	EndGlobalSection
EndGlobal
