
Microsoft Visual Studio Solution File, Format Version 12.00
# Visual Studio Version 17
VisualStudioVersion = 17.0.32112.339
MinimumVisualStudioVersion = 10.0.40219.1
Project("{9A19103F-16F7-4668-BE54-9A1E7A4F7556}") = "API", "API\API.csproj", "{D19F9BAC-56A1-43B6-9A94-BF0B0CD0A9EA}"
EndProject
Project("{9A19103F-16F7-4668-BE54-9A1E7A4F7556}") = "BE.API", "BE.API\BE.API.csproj", "{1BA5CD35-D4B0-4374-BD93-67B4A10A17BE}"
EndProject
Project("{9A19103F-16F7-4668-BE54-9A1E7A4F7556}") = "BE.BS", "BE.BS\BE.BS.csproj", "{559916D8-7E68-4399-B061-82CDB216F341}"
EndProject
Project("{9A19103F-16F7-4668-BE54-9A1E7A4F7556}") = "BE.DAL", "BE.DAL\BE.DAL.csproj", "{E08A20DF-46C5-4B5C-8A07-27ADD3DF254E}"
EndProject
Project("{9A19103F-16F7-4668-BE54-9A1E7A4F7556}") = "BE.DAL.DO", "BE.DAL.DO\BE.DAL.DO.csproj", "{999BB9EF-443B-4CAB-8F0B-381081FEA164}"
EndProject
Project("{9A19103F-16F7-4668-BE54-9A1E7A4F7556}") = "BE.DAL.EF", "BE.DAL.EF\BE.DAL.EF.csproj", "{6D551303-2BF8-4088-AB6F-4730AFD8F93C}"
EndProject
Project("{9A19103F-16F7-4668-BE54-9A1E7A4F7556}") = "BE.DAL.Repository", "BE.DAL.Repository\BE.DAL.Repository.csproj", "{65EF75E0-B2CF-4FD4-9923-FD0A8F12EDB4}"
EndProject
Project("{2150E333-8FDC-42A3-9474-1A3956D46DE8}") = "Solution Items", "Solution Items", "{7FA5417F-ED9A-47CD-984D-125B66917C89}"
	ProjectSection(SolutionItems) = preProject
		.editorconfig = .editorconfig
	EndProjectSection
EndProject
Global
	GlobalSection(SolutionConfigurationPlatforms) = preSolution
		Debug|Any CPU = Debug|Any CPU
		Release|Any CPU = Release|Any CPU
	EndGlobalSection
	GlobalSection(ProjectConfigurationPlatforms) = postSolution
		{D19F9BAC-56A1-43B6-9A94-BF0B0CD0A9EA}.Debug|Any CPU.ActiveCfg = Debug|Any CPU
		{D19F9BAC-56A1-43B6-9A94-BF0B0CD0A9EA}.Debug|Any CPU.Build.0 = Debug|Any CPU
		{D19F9BAC-56A1-43B6-9A94-BF0B0CD0A9EA}.Release|Any CPU.ActiveCfg = Release|Any CPU
		{D19F9BAC-56A1-43B6-9A94-BF0B0CD0A9EA}.Release|Any CPU.Build.0 = Release|Any CPU
		{1BA5CD35-D4B0-4374-BD93-67B4A10A17BE}.Debug|Any CPU.ActiveCfg = Debug|Any CPU
		{1BA5CD35-D4B0-4374-BD93-67B4A10A17BE}.Debug|Any CPU.Build.0 = Debug|Any CPU
		{1BA5CD35-D4B0-4374-BD93-67B4A10A17BE}.Release|Any CPU.ActiveCfg = Release|Any CPU
		{1BA5CD35-D4B0-4374-BD93-67B4A10A17BE}.Release|Any CPU.Build.0 = Release|Any CPU
		{559916D8-7E68-4399-B061-82CDB216F341}.Debug|Any CPU.ActiveCfg = Debug|Any CPU
		{559916D8-7E68-4399-B061-82CDB216F341}.Debug|Any CPU.Build.0 = Debug|Any CPU
		{559916D8-7E68-4399-B061-82CDB216F341}.Release|Any CPU.ActiveCfg = Release|Any CPU
		{559916D8-7E68-4399-B061-82CDB216F341}.Release|Any CPU.Build.0 = Release|Any CPU
		{E08A20DF-46C5-4B5C-8A07-27ADD3DF254E}.Debug|Any CPU.ActiveCfg = Debug|Any CPU
		{E08A20DF-46C5-4B5C-8A07-27ADD3DF254E}.Debug|Any CPU.Build.0 = Debug|Any CPU
		{E08A20DF-46C5-4B5C-8A07-27ADD3DF254E}.Release|Any CPU.ActiveCfg = Release|Any CPU
		{E08A20DF-46C5-4B5C-8A07-27ADD3DF254E}.Release|Any CPU.Build.0 = Release|Any CPU
		{999BB9EF-443B-4CAB-8F0B-381081FEA164}.Debug|Any CPU.ActiveCfg = Debug|Any CPU
		{999BB9EF-443B-4CAB-8F0B-381081FEA164}.Debug|Any CPU.Build.0 = Debug|Any CPU
		{999BB9EF-443B-4CAB-8F0B-381081FEA164}.Release|Any CPU.ActiveCfg = Release|Any CPU
		{999BB9EF-443B-4CAB-8F0B-381081FEA164}.Release|Any CPU.Build.0 = Release|Any CPU
		{6D551303-2BF8-4088-AB6F-4730AFD8F93C}.Debug|Any CPU.ActiveCfg = Debug|Any CPU
		{6D551303-2BF8-4088-AB6F-4730AFD8F93C}.Debug|Any CPU.Build.0 = Debug|Any CPU
		{6D551303-2BF8-4088-AB6F-4730AFD8F93C}.Release|Any CPU.ActiveCfg = Release|Any CPU
		{6D551303-2BF8-4088-AB6F-4730AFD8F93C}.Release|Any CPU.Build.0 = Release|Any CPU
		{65EF75E0-B2CF-4FD4-9923-FD0A8F12EDB4}.Debug|Any CPU.ActiveCfg = Debug|Any CPU
		{65EF75E0-B2CF-4FD4-9923-FD0A8F12EDB4}.Debug|Any CPU.Build.0 = Debug|Any CPU
		{65EF75E0-B2CF-4FD4-9923-FD0A8F12EDB4}.Release|Any CPU.ActiveCfg = Release|Any CPU
		{65EF75E0-B2CF-4FD4-9923-FD0A8F12EDB4}.Release|Any CPU.Build.0 = Release|Any CPU
	EndGlobalSection
	GlobalSection(SolutionProperties) = preSolution
		HideSolutionNode = FALSE
	EndGlobalSection
	GlobalSection(ExtensibilityGlobals) = postSolution
		SolutionGuid = {579B354A-2CF3-45E2-B0B2-09699F899859}
	EndGlobalSection
EndGlobal
