
Microsoft Visual Studio Solution File, Format Version 12.00
# Visual Studio Version 17
VisualStudioVersion = 17.0.32112.339
MinimumVisualStudioVersion = 10.0.40219.1
Project("{FAE04EC0-301F-11D3-BF4B-00C04F79EFBC}") = "FrontEnd", "FrontEnd\FrontEnd.csproj", "{779219AC-78AC-44CE-8FD0-BBAC18A42E5E}"
EndProject
Global
	GlobalSection(SolutionConfigurationPlatforms) = preSolution
		Debug|Any CPU = Debug|Any CPU
		Release|Any CPU = Release|Any CPU
	EndGlobalSection
	GlobalSection(ProjectConfigurationPlatforms) = postSolution
		{779219AC-78AC-44CE-8FD0-BBAC18A42E5E}.Debug|Any CPU.ActiveCfg = Debug|Any CPU
		{779219AC-78AC-44CE-8FD0-BBAC18A42E5E}.Debug|Any CPU.Build.0 = Debug|Any CPU
		{779219AC-78AC-44CE-8FD0-BBAC18A42E5E}.Release|Any CPU.ActiveCfg = Release|Any CPU
		{779219AC-78AC-44CE-8FD0-BBAC18A42E5E}.Release|Any CPU.Build.0 = Release|Any CPU
	EndGlobalSection
	GlobalSection(SolutionProperties) = preSolution
		HideSolutionNode = FALSE
	EndGlobalSection
	GlobalSection(ExtensibilityGlobals) = postSolution
		SolutionGuid = {141F38D6-D5BE-42FB-9E84-8836E6991874}
	EndGlobalSection
EndGlobal
